{
    "_meta": {
        "hash": {
            "sha256": "fdbc9e82ed0c2bddbec2d6dc9a8cd4d8366aa6af4c8920c119f6f001db636049"
        },
        "pipfile-spec": 6,
        "requires": {
            "python_version": "3.6"
        },
        "sources": [
            {
                "name": "pypi",
                "url": "https://pypi.python.org/simple",
                "verify_ssl": true
            }
        ]
    },
    "default": {
        "certifi": {
            "hashes": [
                "sha256:1d987a998c75633c40847cc966fcf5904906c920a7f17ef374f5aa4282abd304",
                "sha256:51fcb31174be6e6664c5f69e3e1691a2d72a1a12e90f872cbdb1567eb47b6519"
            ],
            "version": "==2020.4.5.1"
        },
        "chardet": {
            "hashes": [
                "sha256:84ab92ed1c4d4f16916e05906b6b75a6c0fb5db821cc65e70cbd64a3e2a5eaae",
                "sha256:fc323ffcaeaed0e0a02bf4d117757b98aed530d9ed4531e3e15460124c106691"
            ],
            "version": "==3.0.4"
        },
        "deprecated": {
            "hashes": [
                "sha256:525ba66fb5f90b07169fdd48b6373c18f1ee12728ca277ca44567a367d9d7f74",
                "sha256:a766c1dccb30c5f6eb2b203f87edd1d8588847709c78589e1521d769addc8218"
            ],
            "version": "==1.2.10"
        },
        "dnspython": {
            "hashes": [
                "sha256:36c5e8e38d4369a08b6780b7f27d790a292b2b08eea01607865bf0936c558e01",
                "sha256:f69c21288a962f4da86e56c4905b49d11aba7938d3d740e80d9e366ee4f1632d"
            ],
            "version": "==1.16.0"
        },
        "email-validator": {
            "hashes": [
                "sha256:5f246ae8d81ce3000eade06595b7bb55a4cf350d559e890182a1466a21f25067",
                "sha256:63094045c3e802c3d3d575b18b004a531c36243ca8d1cec785ff6bfcb04185bb"
            ],
            "index": "pypi",
            "version": "==1.1.1"
        },
        "idna": {
            "hashes": [
                "sha256:7588d1c14ae4c77d74036e8c22ff447b26d0fde8f007354fd48a7814db15b7cb",
                "sha256:a068a21ceac8a4d63dbfd964670474107f541babbd2250d61922f029858365fa"
            ],
            "version": "==2.9"
        },
        "markdown2": {
            "hashes": [
                "sha256:89526090907ae5ece66d783c434b35c29ee500c1986309e306ce2346273ada6a",
                "sha256:e6b401ec80b75e76a6b3dbb2c8ade513156fa55fa6c30b9640a1abf6184a07c8"
            ],
            "index": "pypi",
            "version": "==2.3.9"
        },
        "pygithub": {
            "hashes": [
                "sha256:8375a058ec651cc0774244a3bc7395cf93617298735934cdd59e5bcd9a1df96e",
                "sha256:d2d17d1e3f4474e070353f201164685a95b5a92f5ee0897442504e399c7bc249"
            ],
            "index": "pypi",
            "version": "==1.51"
        },
        "pyjwt": {
            "hashes": [
                "sha256:5c6eca3c2940464d106b99ba83b00c6add741c9becaec087fb7ccdefea71350e",
                "sha256:8d59a976fb773f3e6a39c85636357c4f0e242707394cadadd9814f5cbaa20e96"
            ],
            "version": "==1.7.1"
        },
        "python-frontmatter": {
            "hashes": [
                "sha256:a7dcdfdaf498d488dce98bfa9452f8b70f803a923760ceab1ebd99291d98d28a",
                "sha256:a9c2e90fc38e9f0c68d8b82299040f331ca3b8525ac7fa5f6beffef52b26c426"
            ],
            "index": "pypi",
            "version": "==0.5.0"
        },
        "python-http-client": {
            "hashes": [
                "sha256:93d6a26b426e48b04e589c1f103e7c040193e4ccc379ea50cd6e12f94cca7c69"
            ],
            "version": "==3.2.7"
        },
        "pyyaml": {
            "hashes": [
                "sha256:06a0d7ba600ce0b2d2fe2e78453a470b5a6e000a985dd4a4e54e436cc36b0e97",
                "sha256:240097ff019d7c70a4922b6869d8a86407758333f02203e0fc6ff79c5dcede76",
                "sha256:4f4b913ca1a7319b33cfb1369e91e50354d6f07a135f3b901aca02aa95940bd2",
                "sha256:69f00dca373f240f842b2931fb2c7e14ddbacd1397d57157a9b005a6a9942648",
                "sha256:73f099454b799e05e5ab51423c7bcf361c58d3206fa7b0d555426b1f4d9a3eaf",
                "sha256:74809a57b329d6cc0fdccee6318f44b9b8649961fa73144a98735b0aaf029f1f",
                "sha256:7739fc0fa8205b3ee8808aea45e968bc90082c10aef6ea95e855e10abf4a37b2",
                "sha256:95f71d2af0ff4227885f7a6605c37fd53d3a106fcab511b8860ecca9fcf400ee",
                "sha256:b8eac752c5e14d3eca0e6dd9199cd627518cb5ec06add0de9d32baeee6fe645d",
                "sha256:cc8955cfbfc7a115fa81d85284ee61147059a753344bc51098f3ccd69b0d7e0c",
                "sha256:d13155f591e6fcc1ec3b30685d50bf0711574e2c0dfffd7644babf8b5102ca1a"
            ],
            "version": "==5.3.1"
        },
        "requests": {
            "hashes": [
                "sha256:43999036bfa82904b6af1d99e4882b560e5e2c68e5c4b0aa03b655f3d7d73fee",
                "sha256:b3f43d496c6daba4493e7c431722aeb7dbc6288f52a6e04e7b6023b0247817e6"
            ],
            "version": "==2.23.0"
        },
        "sendgrid": {
            "hashes": [
                "sha256:38c0853494c7bfbef64f33934c25bf98bb7648cf0e66a0cfb22410927e4ef4c7",
                "sha256:838e1f7b0f84d56714be6a18ef66fbcf8fba0bda782eee35c47c04d7a16efde8"
            ],
            "index": "pypi",
            "version": "==6.3.1"
        },
        "six": {
            "hashes": [
                "sha256:30639c035cdb23534cd4aa2dd52c3bf48f06e5f4a941509c8bafd8ce11080259",
                "sha256:8b74bedcbbbaca38ff6d7491d76f2b06b3592611af620f8426e82dddb04a5ced"
            ],
            "version": "==1.15.0"
        },
        "urllib3": {
            "hashes": [
                "sha256:3018294ebefce6572a474f0604c2021e33b3fd8006ecd11d62107a5d2a963527",
                "sha256:88206b0eb87e6d677d424843ac5209e3fb9d0190d0ee169599165ec25e9d9115"
            ],
            "version": "==1.25.9"
        },
        "wrapt": {
            "hashes": [
                "sha256:b62ffa81fb85f4332a4f609cab4ac40709470da05643a082ec1eb88e6d9b97d7"
            ],
            "version": "==1.12.1"
        }
    },
    "develop": {}
}
