{
    "_meta": {
        "hash": {
            "sha256": "db04b7ce571e9462a399fede473879ea48cad691e9680b3f7900780be4faa83c"
        },
        "pipfile-spec": 6,
        "requires": {
            "python_version": "3.6"
        },
        "sources": [
            {
                "name": "pypi",
                "url": "https://pypi.python.org/simple",
                "verify_ssl": true
            }
        ]
    },
    "default": {
        "arrow": {
            "hashes": [
                "sha256:a24c1de90850f6fb2033fd6bf8a11f281e84cb54825e5eabdda219e673b52aac",
                "sha256:eb5d339f00072cc297d7de252a2e75f272085d1231a3723f1026d1fa91367118"
            ],
            "index": "pypi",
            "version": "==0.15.6"
        },
        "attrs": {
            "hashes": [
                "sha256:149e90d6d8ac20db7a955ad60cf0e6881a3f20d37096140088356da6c716b0b1",
                "sha256:ef6aaac3ca6cd92904cdd0d83f629a15f18053ec84e6432106f7a4d04ae4f5fb"
            ],
            "version": "==21.2.0"
        },
        "cement": {
            "hashes": [
                "sha256:10a8459dc9fc31d6c038ede24a9081c5c3bd5fcd75b071e01baf281f81c9eace",
                "sha256:3b6b550d56d8a893fc4e4c1d153c5322ab2aa991e85f3358890af63bafafa3f4"
            ],
            "index": "pypi",
            "version": "==3.0.4"
        },
        "certifi": {
            "hashes": [
                "sha256:2bbf76fd432960138b3ef6dda3dde0544f27cbf8546c458e60baf371917ba9ee",
                "sha256:50b1e4f8446b06f41be7dd6338db18e0990601dce795c2b1686458aa7e8fa7d8"
            ],
            "version": "==2021.5.30"
        },
        "chardet": {
            "hashes": [
                "sha256:84ab92ed1c4d4f16916e05906b6b75a6c0fb5db821cc65e70cbd64a3e2a5eaae",
                "sha256:fc323ffcaeaed0e0a02bf4d117757b98aed530d9ed4531e3e15460124c106691"
            ],
            "version": "==3.0.4"
        },
        "configargparse": {
            "hashes": [
                "sha256:edd17be986d5c1ba2e307150b8e5f5107aba125f3574dddd02c85d5cdcfd37dc"
            ],
            "index": "pypi",
            "version": "==1.2.3"
        },
        "deprecated": {
            "hashes": [
                "sha256:08452d69b6b5bc66e8330adde0a4f8642e969b9e1702904d137eeb29c8ffc771",
                "sha256:6d2de2de7931a968874481ef30208fd4e08da39177d61d3d4ebdf4366e7dbca1"
            ],
            "version": "==1.2.12"
        },
        "dnspython": {
            "hashes": [
                "sha256:95d12f6ef0317118d2a1a6fc49aac65ffec7eb8087474158f42f26a639135216",
                "sha256:e4a87f0b573201a0f3727fa18a516b055fd1107e0e5477cded4a2de497df1dd4"
            ],
            "version": "==2.1.0"
        },
        "email-validator": {
            "hashes": [
                "sha256:5f246ae8d81ce3000eade06595b7bb55a4cf350d559e890182a1466a21f25067",
                "sha256:63094045c3e802c3d3d575b18b004a531c36243ca8d1cec785ff6bfcb04185bb"
            ],
            "index": "pypi",
            "version": "==1.1.1"
        },
        "idna": {
            "hashes": [
                "sha256:b307872f855b18632ce0c21c5e45be78c0ea7ae4c15c828c20788b26921eb3f6",
                "sha256:b97d804b1e9b523befed77c48dacec60e6dcb0b5391d57af6a65a312a90648c0"
            ],
            "version": "==2.10"
        },
        "importlib-metadata": {
            "hashes": [
                "sha256:960d52ba7c21377c990412aca380bf3642d734c2eaab78a2c39319f67c6a5786",
                "sha256:e592faad8de1bda9fe920cf41e15261e7131bcf266c30306eec00e8e225c1dd5"
            ],
            "markers": "python_version < '3.8'",
            "version": "==4.4.0"
        },
        "markdown2": {
            "hashes": [
                "sha256:28d769f0e544e6f68f684f01e9b186747b079a6927d9ca77ebc8c640a2829b1b",
                "sha256:8d4ef4a2d090c99532069c4611a9a2b9bea6ae1fa29b6c3727c95d1e31a8f6c5"
            ],
            "index": "pypi",
            "version": "==2.4.0"
        },
        "more-itertools": {
            "hashes": [
                "sha256:2cf89ec599962f2ddc4d568a05defc40e0a587fbc10d5989713638864c36be4d",
                "sha256:83f0308e05477c68f56ea3a888172c78ed5d5b3c282addb67508e7ba6c8f813a"
            ],
            "version": "==8.8.0"
        },
        "munch": {
            "hashes": [
                "sha256:2d735f6f24d4dba3417fa448cae40c6e896ec1fdab6cdb5e6510999758a4dbd2",
                "sha256:6f44af89a2ce4ed04ff8de41f70b226b984db10a91dcc7b9ac2efc1c77022fdd"
            ],
            "index": "pypi",
            "version": "==2.5.0"
        },
        "packaging": {
            "hashes": [
                "sha256:5b327ac1320dc863dca72f4514ecc086f31186744b84a230374cc1fd776feae5",
                "sha256:67714da7f7bc052e064859c05c595155bd1ee9f69f76557e21f051443c20947a"
            ],
            "version": "==20.9"
        },
        "pluggy": {
            "hashes": [
                "sha256:15b2acde666561e1298d71b523007ed7364de07029219b604cf808bfa1c765b0",
                "sha256:966c145cd83c96502c3c3868f50408687b38434af77734af1e9ca461a4081d2d"
            ],
            "version": "==0.13.1"
        },
        "py": {
            "hashes": [
                "sha256:21b81bda15b66ef5e1a777a21c4dcd9c20ad3efd0b3f817e7a809035269e1bd3",
                "sha256:3b80836aa6d1feeaa108e046da6423ab8f6ceda6468545ae8d02d9d58d18818a"
            ],
            "version": "==1.10.0"
        },
        "pyfluence": {
            "hashes": [
                "sha256:409bc381c943b75d6f71c81e9d59bd1f1d5f2b87f90b81d94ce6c61d24a57b63"
            ],
            "index": "pypi",
            "version": "==0.2.1"
        },
        "pygithub": {
            "hashes": [
                "sha256:8375a058ec651cc0774244a3bc7395cf93617298735934cdd59e5bcd9a1df96e",
                "sha256:d2d17d1e3f4474e070353f201164685a95b5a92f5ee0897442504e399c7bc249"
            ],
            "index": "pypi",
            "version": "==1.51"
        },
        "pyjwt": {
            "hashes": [
                "sha256:934d73fbba91b0483d3857d1aff50e96b2a892384ee2c17417ed3203f173fca1",
                "sha256:fba44e7898bbca160a2b2b501f492824fc8382485d3a6f11ba5d0c1937ce6130"
            ],
            "version": "==2.1.0"
        },
        "pyparsing": {
            "hashes": [
                "sha256:c203ec8783bf771a155b207279b9bccb8dea02d8f0c9e5f8ead507bc3246ecc1",
                "sha256:ef9d7589ef3c200abe66653d3f1ab1033c3c419ae9b9bdb1240a85b024efc88b"
            ],
            "version": "==2.4.7"
        },
        "pytest": {
            "hashes": [
                "sha256:5c0db86b698e8f170ba4582a492248919255fcd4c79b1ee64ace34301fb589a1",
                "sha256:7979331bfcba207414f5e1263b5a0f8f521d0f457318836a7355531ed1a4c7d8"
            ],
            "index": "pypi",
            "version": "==5.4.3"
        },
        "python-dateutil": {
            "hashes": [
                "sha256:73ebfe9dbf22e832286dafa60473e4cd239f8592f699aa5adaf10050e6e1823c",
                "sha256:75bb3f31ea686f1197762692a9ee6a7550b59fc6ca3a1f4b5d7e32fb98e2da2a"
            ],
            "version": "==2.8.1"
        },
        "python-frontmatter": {
            "hashes": [
                "sha256:a7dcdfdaf498d488dce98bfa9452f8b70f803a923760ceab1ebd99291d98d28a",
                "sha256:a9c2e90fc38e9f0c68d8b82299040f331ca3b8525ac7fa5f6beffef52b26c426"
            ],
            "index": "pypi",
            "version": "==0.5.0"
        },
        "python-http-client": {
            "hashes": [
                "sha256:67e6a7bea19b03e14dc971480d3531b80becfc203d6c69478561bf7844d52661"
            ],
            "version": "==3.3.2"
        },
        "pyyaml": {
            "hashes": [
                "sha256:08682f6b72c722394747bddaf0aa62277e02557c0fd1c42cb853016a38f8dedf",
                "sha256:0f5f5786c0e09baddcd8b4b45f20a7b5d61a7e7e99846e3c799b05c7c53fa696",
                "sha256:129def1b7c1bf22faffd67b8f3724645203b79d8f4cc81f674654d9902cb4393",
                "sha256:294db365efa064d00b8d1ef65d8ea2c3426ac366c0c4368d930bf1c5fb497f77",
                "sha256:3b2b1824fe7112845700f815ff6a489360226a5609b96ec2190a45e62a9fc922",
                "sha256:3bd0e463264cf257d1ffd2e40223b197271046d09dadf73a0fe82b9c1fc385a5",
                "sha256:4465124ef1b18d9ace298060f4eccc64b0850899ac4ac53294547536533800c8",
                "sha256:49d4cdd9065b9b6e206d0595fee27a96b5dd22618e7520c33204a4a3239d5b10",
                "sha256:4e0583d24c881e14342eaf4ec5fbc97f934b999a6828693a99157fde912540cc",
                "sha256:5accb17103e43963b80e6f837831f38d314a0495500067cb25afab2e8d7a4018",
                "sha256:607774cbba28732bfa802b54baa7484215f530991055bb562efbed5b2f20a45e",
                "sha256:6c78645d400265a062508ae399b60b8c167bf003db364ecb26dcab2bda048253",
                "sha256:72a01f726a9c7851ca9bfad6fd09ca4e090a023c00945ea05ba1638c09dc3347",
                "sha256:74c1485f7707cf707a7aef42ef6322b8f97921bd89be2ab6317fd782c2d53183",
                "sha256:895f61ef02e8fed38159bb70f7e100e00f471eae2bc838cd0f4ebb21e28f8541",
                "sha256:8c1be557ee92a20f184922c7b6424e8ab6691788e6d86137c5d93c1a6ec1b8fb",
                "sha256:bb4191dfc9306777bc594117aee052446b3fa88737cd13b7188d0e7aa8162185",
                "sha256:bfb51918d4ff3d77c1c856a9699f8492c612cde32fd3bcd344af9be34999bfdc",
                "sha256:c20cfa2d49991c8b4147af39859b167664f2ad4561704ee74c1de03318e898db",
                "sha256:cb333c16912324fd5f769fff6bc5de372e9e7a202247b48870bc251ed40239aa",
                "sha256:d2d9808ea7b4af864f35ea216be506ecec180628aced0704e34aca0b040ffe46",
                "sha256:d483ad4e639292c90170eb6f7783ad19490e7a8defb3e46f97dfe4bacae89122",
                "sha256:dd5de0646207f053eb0d6c74ae45ba98c3395a571a2891858e87df7c9b9bd51b",
                "sha256:e1d4970ea66be07ae37a3c2e48b5ec63f7ba6804bdddfdbd3cfd954d25a82e63",
                "sha256:e4fac90784481d221a8e4b1162afa7c47ed953be40d31ab4629ae917510051df",
                "sha256:fa5ae20527d8e831e8230cbffd9f8fe952815b2b7dae6ffec25318803a7528fc",
                "sha256:fd7f6999a8070df521b6384004ef42833b9bd62cfee11a09bda1079b4b704247",
                "sha256:fdc842473cd33f45ff6bce46aea678a54e3d21f1b61a7750ce3c498eedfe25d6",
                "sha256:fe69978f3f768926cfa37b867e3843918e012cf83f680806599ddce33c2c68b0"
            ],
            "version": "==5.4.1"
        },
        "requests": {
            "hashes": [
                "sha256:43999036bfa82904b6af1d99e4882b560e5e2c68e5c4b0aa03b655f3d7d73fee",
                "sha256:b3f43d496c6daba4493e7c431722aeb7dbc6288f52a6e04e7b6023b0247817e6"
            ],
            "index": "pypi",
            "version": "==2.23.0"
        },
        "sendgrid": {
            "hashes": [
                "sha256:38c0853494c7bfbef64f33934c25bf98bb7648cf0e66a0cfb22410927e4ef4c7",
                "sha256:838e1f7b0f84d56714be6a18ef66fbcf8fba0bda782eee35c47c04d7a16efde8"
            ],
            "index": "pypi",
            "version": "==6.3.1"
        },
        "six": {
            "hashes": [
                "sha256:1e61c37477a1626458e36f7b1d82aa5c9b094fa4802892072e49de9c60c4c926",
                "sha256:8abb2f1d86890a2dfb989f9a77cfcfd3e47c2a354b01111771326f8aa26e0254"
            ],
            "version": "==1.16.0"
        },
        "typing": {
            "hashes": [
                "sha256:91dfe6f3f706ee8cc32d38edbbf304e9b7583fb37108fef38229617f8b3eba23",
                "sha256:c8cabb5ab8945cd2f54917be357d134db9cc1eb039e59d1606dc1e60cb1d9d36",
                "sha256:f38d83c5a7a7086543a0f649564d661859c5146a85775ab90c0d2f93ffaa9714"
            ],
            "index": "pypi",
            "version": "==3.7.4.1"
        },
        "typing-extensions": {
            "hashes": [
                "sha256:0ac0f89795dd19de6b97debb0c6af1c70987fd80a2d62d1958f7e56fcc31b497",
                "sha256:50b6f157849174217d0656f99dc82fe932884fb250826c18350e159ec6cdf342",
                "sha256:779383f6086d90c99ae41cf0ff39aac8a7937a9283ce0a414e5dd782f4c94a84"
            ],
            "markers": "python_version < '3.8'",
            "version": "==3.10.0.0"
        },
        "urllib3": {
            "hashes": [
                "sha256:8d7eaa5a82a1cac232164990f04874c594c9453ec55eef02eab885aa02fc17a2",
                "sha256:f5321fbe4bf3fefa0efd0bfe7fb14e90909eb62a48ccda331726b4319897dd5e"
            ],
            "version": "==1.25.11"
        },
        "wcwidth": {
            "hashes": [
                "sha256:beb4802a9cebb9144e99086eff703a642a13d6a0052920003a230f3294bbe784",
                "sha256:c4d647b99872929fdb7bdcaa4fbe7f01413ed3d98077df798530e5b04f116c83"
            ],
            "version": "==0.2.5"
        },
        "wrapt": {
            "hashes": [
                "sha256:b62ffa81fb85f4332a4f609cab4ac40709470da05643a082ec1eb88e6d9b97d7"
            ],
            "version": "==1.12.1"
        },
        "zipp": {
            "hashes": [
                "sha256:3607921face881ba3e026887d8150cca609d517579abe052ac81fc5aeffdbd76",
                "sha256:51cb66cc54621609dd593d1787f286ee42a5c0adbb4b29abea5a63edc3e03098"
            ],
            "version": "==3.4.1"
        }
    },
    "develop": {}
}
